
Microsoft Visual Studio Solution File, Format Version 12.00
# Visual Studio 15
VisualStudioVersion = 15.0.26124.0
MinimumVisualStudioVersion = 15.0.26124.0
Project("{FAE04EC0-301F-11D3-BF4B-00C04F79EFBC}") = "application", "Api.Application\application.csproj", "{F207A1C5-ACB6-44DE-A56B-34E0B31B5791}"
EndProject
Project("{FAE04EC0-301F-11D3-BF4B-00C04F79EFBC}") = "Domain", "Api.Domain\Domain.csproj", "{F5D59BBF-AE05-4E0E-81F4-6C333A0434F6}"
EndProject
Project("{FAE04EC0-301F-11D3-BF4B-00C04F79EFBC}") = "CrossCutting", "Api.CrossCutting\CrossCutting.csproj", "{01A3A868-8ED7-419D-B035-ED6FDEECAA9F}"
EndProject
Project("{FAE04EC0-301F-11D3-BF4B-00C04F79EFBC}") = "Data", "Api.Data\Data.csproj", "{8836A050-CF2F-4EFD-A0B6-A4D203AA85FD}"
EndProject
Project("{FAE04EC0-301F-11D3-BF4B-00C04F79EFBC}") = "Service", "Api.Service\Service.csproj", "{D358F983-FDA1-4C87-B2C9-F8C5E6AE884E}"
EndProject
Global
	GlobalSection(SolutionConfigurationPlatforms) = preSolution
		Debug|Any CPU = Debug|Any CPU
		Debug|x64 = Debug|x64
		Debug|x86 = Debug|x86
		Release|Any CPU = Release|Any CPU
		Release|x64 = Release|x64
		Release|x86 = Release|x86
	EndGlobalSection
	GlobalSection(SolutionProperties) = preSolution
		HideSolutionNode = FALSE
	EndGlobalSection
	GlobalSection(ProjectConfigurationPlatforms) = postSolution
		{F207A1C5-ACB6-44DE-A56B-34E0B31B5791}.Debug|Any CPU.ActiveCfg = Debug|Any CPU
		{F207A1C5-ACB6-44DE-A56B-34E0B31B5791}.Debug|Any CPU.Build.0 = Debug|Any CPU
		{F207A1C5-ACB6-44DE-A56B-34E0B31B5791}.Debug|x64.ActiveCfg = Debug|Any CPU
		{F207A1C5-ACB6-44DE-A56B-34E0B31B5791}.Debug|x64.Build.0 = Debug|Any CPU
		{F207A1C5-ACB6-44DE-A56B-34E0B31B5791}.Debug|x86.ActiveCfg = Debug|Any CPU
		{F207A1C5-ACB6-44DE-A56B-34E0B31B5791}.Debug|x86.Build.0 = Debug|Any CPU
		{F207A1C5-ACB6-44DE-A56B-34E0B31B5791}.Release|Any CPU.ActiveCfg = Release|Any CPU
		{F207A1C5-ACB6-44DE-A56B-34E0B31B5791}.Release|Any CPU.Build.0 = Release|Any CPU
		{F207A1C5-ACB6-44DE-A56B-34E0B31B5791}.Release|x64.ActiveCfg = Release|Any CPU
		{F207A1C5-ACB6-44DE-A56B-34E0B31B5791}.Release|x64.Build.0 = Release|Any CPU
		{F207A1C5-ACB6-44DE-A56B-34E0B31B5791}.Release|x86.ActiveCfg = Release|Any CPU
		{F207A1C5-ACB6-44DE-A56B-34E0B31B5791}.Release|x86.Build.0 = Release|Any CPU
		{F5D59BBF-AE05-4E0E-81F4-6C333A0434F6}.Debug|Any CPU.ActiveCfg = Debug|Any CPU
		{F5D59BBF-AE05-4E0E-81F4-6C333A0434F6}.Debug|Any CPU.Build.0 = Debug|Any CPU
		{F5D59BBF-AE05-4E0E-81F4-6C333A0434F6}.Debug|x64.ActiveCfg = Debug|Any CPU
		{F5D59BBF-AE05-4E0E-81F4-6C333A0434F6}.Debug|x64.Build.0 = Debug|Any CPU
		{F5D59BBF-AE05-4E0E-81F4-6C333A0434F6}.Debug|x86.ActiveCfg = Debug|Any CPU
		{F5D59BBF-AE05-4E0E-81F4-6C333A0434F6}.Debug|x86.Build.0 = Debug|Any CPU
		{F5D59BBF-AE05-4E0E-81F4-6C333A0434F6}.Release|Any CPU.ActiveCfg = Release|Any CPU
		{F5D59BBF-AE05-4E0E-81F4-6C333A0434F6}.Release|Any CPU.Build.0 = Release|Any CPU
		{F5D59BBF-AE05-4E0E-81F4-6C333A0434F6}.Release|x64.ActiveCfg = Release|Any CPU
		{F5D59BBF-AE05-4E0E-81F4-6C333A0434F6}.Release|x64.Build.0 = Release|Any CPU
		{F5D59BBF-AE05-4E0E-81F4-6C333A0434F6}.Release|x86.ActiveCfg = Release|Any CPU
		{F5D59BBF-AE05-4E0E-81F4-6C333A0434F6}.Release|x86.Build.0 = Release|Any CPU
		{01A3A868-8ED7-419D-B035-ED6FDEECAA9F}.Debug|Any CPU.ActiveCfg = Debug|Any CPU
		{01A3A868-8ED7-419D-B035-ED6FDEECAA9F}.Debug|Any CPU.Build.0 = Debug|Any CPU
		{01A3A868-8ED7-419D-B035-ED6FDEECAA9F}.Debug|x64.ActiveCfg = Debug|Any CPU
		{01A3A868-8ED7-419D-B035-ED6FDEECAA9F}.Debug|x64.Build.0 = Debug|Any CPU
		{01A3A868-8ED7-419D-B035-ED6FDEECAA9F}.Debug|x86.ActiveCfg = Debug|Any CPU
		{01A3A868-8ED7-419D-B035-ED6FDEECAA9F}.Debug|x86.Build.0 = Debug|Any CPU
		{01A3A868-8ED7-419D-B035-ED6FDEECAA9F}.Release|Any CPU.ActiveCfg = Release|Any CPU
		{01A3A868-8ED7-419D-B035-ED6FDEECAA9F}.Release|Any CPU.Build.0 = Release|Any CPU
		{01A3A868-8ED7-419D-B035-ED6FDEECAA9F}.Release|x64.ActiveCfg = Release|Any CPU
		{01A3A868-8ED7-419D-B035-ED6FDEECAA9F}.Release|x64.Build.0 = Release|Any CPU
		{01A3A868-8ED7-419D-B035-ED6FDEECAA9F}.Release|x86.ActiveCfg = Release|Any CPU
		{01A3A868-8ED7-419D-B035-ED6FDEECAA9F}.Release|x86.Build.0 = Release|Any CPU
		{8836A050-CF2F-4EFD-A0B6-A4D203AA85FD}.Debug|Any CPU.ActiveCfg = Debug|Any CPU
		{8836A050-CF2F-4EFD-A0B6-A4D203AA85FD}.Debug|Any CPU.Build.0 = Debug|Any CPU
		{8836A050-CF2F-4EFD-A0B6-A4D203AA85FD}.Debug|x64.ActiveCfg = Debug|Any CPU
		{8836A050-CF2F-4EFD-A0B6-A4D203AA85FD}.Debug|x64.Build.0 = Debug|Any CPU
		{8836A050-CF2F-4EFD-A0B6-A4D203AA85FD}.Debug|x86.ActiveCfg = Debug|Any CPU
		{8836A050-CF2F-4EFD-A0B6-A4D203AA85FD}.Debug|x86.Build.0 = Debug|Any CPU
		{8836A050-CF2F-4EFD-A0B6-A4D203AA85FD}.Release|Any CPU.ActiveCfg = Release|Any CPU
		{8836A050-CF2F-4EFD-A0B6-A4D203AA85FD}.Release|Any CPU.Build.0 = Release|Any CPU
		{8836A050-CF2F-4EFD-A0B6-A4D203AA85FD}.Release|x64.ActiveCfg = Release|Any CPU
		{8836A050-CF2F-4EFD-A0B6-A4D203AA85FD}.Release|x64.Build.0 = Release|Any CPU
		{8836A050-CF2F-4EFD-A0B6-A4D203AA85FD}.Release|x86.ActiveCfg = Release|Any CPU
		{8836A050-CF2F-4EFD-A0B6-A4D203AA85FD}.Release|x86.Build.0 = Release|Any CPU
		{D358F983-FDA1-4C87-B2C9-F8C5E6AE884E}.Debug|Any CPU.ActiveCfg = Debug|Any CPU
		{D358F983-FDA1-4C87-B2C9-F8C5E6AE884E}.Debug|Any CPU.Build.0 = Debug|Any CPU
		{D358F983-FDA1-4C87-B2C9-F8C5E6AE884E}.Debug|x64.ActiveCfg = Debug|Any CPU
		{D358F983-FDA1-4C87-B2C9-F8C5E6AE884E}.Debug|x64.Build.0 = Debug|Any CPU
		{D358F983-FDA1-4C87-B2C9-F8C5E6AE884E}.Debug|x86.ActiveCfg = Debug|Any CPU
		{D358F983-FDA1-4C87-B2C9-F8C5E6AE884E}.Debug|x86.Build.0 = Debug|Any CPU
		{D358F983-FDA1-4C87-B2C9-F8C5E6AE884E}.Release|Any CPU.ActiveCfg = Release|Any CPU
		{D358F983-FDA1-4C87-B2C9-F8C5E6AE884E}.Release|Any CPU.Build.0 = Release|Any CPU
		{D358F983-FDA1-4C87-B2C9-F8C5E6AE884E}.Release|x64.ActiveCfg = Release|Any CPU
		{D358F983-FDA1-4C87-B2C9-F8C5E6AE884E}.Release|x64.Build.0 = Release|Any CPU
		{D358F983-FDA1-4C87-B2C9-F8C5E6AE884E}.Release|x86.ActiveCfg = Release|Any CPU
		{D358F983-FDA1-4C87-B2C9-F8C5E6AE884E}.Release|x86.Build.0 = Release|Any CPU
	EndGlobalSection
EndGlobal
